
Microsoft Visual Studio Solution File, Format Version 12.00
# Visual Studio Version 17
VisualStudioVersion = 17.7.34202.233
MinimumVisualStudioVersion = 10.0.40219.1
Project("{FAE04EC0-301F-11D3-BF4B-00C04F79EFBC}") = "PL", "PL\PL.csproj", "{ED7AD254-BD10-4E81-97EC-388461EDA090}"
EndProject
Global
	GlobalSection(SolutionConfigurationPlatforms) = preSolution
		Debug|Any CPU = Debug|Any CPU
		Release|Any CPU = Release|Any CPU
	EndGlobalSection
	GlobalSection(ProjectConfigurationPlatforms) = postSolution
		{ED7AD254-BD10-4E81-97EC-388461EDA090}.Debug|Any CPU.ActiveCfg = Debug|Any CPU
		{ED7AD254-BD10-4E81-97EC-388461EDA090}.Debug|Any CPU.Build.0 = Debug|Any CPU
		{ED7AD254-BD10-4E81-97EC-388461EDA090}.Release|Any CPU.ActiveCfg = Release|Any CPU
		{ED7AD254-BD10-4E81-97EC-388461EDA090}.Release|Any CPU.Build.0 = Release|Any CPU
	EndGlobalSection
	GlobalSection(SolutionProperties) = preSolution
		HideSolutionNode = FALSE
	EndGlobalSection
	GlobalSection(ExtensibilityGlobals) = postSolution
		SolutionGuid = {959CBF38-F765-4A82-BE58-355912840A1A}
	EndGlobalSection
EndGlobal
